
Microsoft Visual Studio Solution File, Format Version 12.00
# Visual Studio 14
VisualStudioVersion = 14.0.23107.0
MinimumVisualStudioVersion = 10.0.40219.1
Project("{8BC9CEB8-8B4A-11D0-8D11-00A0C91BC942}") = "SECore", "SECore\SECore.vcxproj", "{95AFFE09-F026-4825-95B9-9E001EA7DB25}"
EndProject
Project("{8BC9CEB8-8B4A-11D0-8D11-00A0C91BC942}") = "json", "json\json.vcxproj", "{5B400FF7-3FAF-42AC-8955-98700E65C387}"
EndProject
Project("{8BC9CEB8-8B4A-11D0-8D11-00A0C91BC942}") = "SEMaxUtil", "SEMaxUtil\SEMaxUtil.vcxproj", "{B4C1298B-1AFF-4173-8E36-D30FE11C6AF0}"
EndProject
Project("{8BC9CEB8-8B4A-11D0-8D11-00A0C91BC942}") = "Game", "Game\Game.vcxproj", "{BDC0F88B-E745-451D-8DB5-D2F9B3C991E8}"
EndProject
Global
	GlobalSection(SolutionConfigurationPlatforms) = preSolution
		Debug|x64 = Debug|x64
		Debug|x86 = Debug|x86
		Release|x64 = Release|x64
		Release|x86 = Release|x86
		SEExportorD|x64 = SEExportorD|x64
		SEExportorD|x86 = SEExportorD|x86
	EndGlobalSection
	GlobalSection(ProjectConfigurationPlatforms) = postSolution
		{95AFFE09-F026-4825-95B9-9E001EA7DB25}.Debug|x64.ActiveCfg = Debug|x64
		{95AFFE09-F026-4825-95B9-9E001EA7DB25}.Debug|x64.Build.0 = Debug|x64
		{95AFFE09-F026-4825-95B9-9E001EA7DB25}.Debug|x86.ActiveCfg = Debug|Win32
		{95AFFE09-F026-4825-95B9-9E001EA7DB25}.Debug|x86.Build.0 = Debug|Win32
		{95AFFE09-F026-4825-95B9-9E001EA7DB25}.Release|x64.ActiveCfg = Release|x64
		{95AFFE09-F026-4825-95B9-9E001EA7DB25}.Release|x64.Build.0 = Release|x64
		{95AFFE09-F026-4825-95B9-9E001EA7DB25}.Release|x86.ActiveCfg = Release|Win32
		{95AFFE09-F026-4825-95B9-9E001EA7DB25}.Release|x86.Build.0 = Release|Win32
		{95AFFE09-F026-4825-95B9-9E001EA7DB25}.SEExportorD|x64.ActiveCfg = Debug|x64
		{95AFFE09-F026-4825-95B9-9E001EA7DB25}.SEExportorD|x86.ActiveCfg = Debug|Win32
		{5B400FF7-3FAF-42AC-8955-98700E65C387}.Debug|x64.ActiveCfg = Debug|x64
		{5B400FF7-3FAF-42AC-8955-98700E65C387}.Debug|x64.Build.0 = Debug|x64
		{5B400FF7-3FAF-42AC-8955-98700E65C387}.Debug|x86.ActiveCfg = Debug|Win32
		{5B400FF7-3FAF-42AC-8955-98700E65C387}.Debug|x86.Build.0 = Debug|Win32
		{5B400FF7-3FAF-42AC-8955-98700E65C387}.Release|x64.ActiveCfg = Release|x64
		{5B400FF7-3FAF-42AC-8955-98700E65C387}.Release|x64.Build.0 = Release|x64
		{5B400FF7-3FAF-42AC-8955-98700E65C387}.Release|x86.ActiveCfg = Release|Win32
		{5B400FF7-3FAF-42AC-8955-98700E65C387}.Release|x86.Build.0 = Release|Win32
		{5B400FF7-3FAF-42AC-8955-98700E65C387}.SEExportorD|x64.ActiveCfg = Debug|x64
		{5B400FF7-3FAF-42AC-8955-98700E65C387}.SEExportorD|x64.Build.0 = Debug|x64
		{5B400FF7-3FAF-42AC-8955-98700E65C387}.SEExportorD|x86.ActiveCfg = Debug|Win32
		{B4C1298B-1AFF-4173-8E36-D30FE11C6AF0}.Debug|x64.ActiveCfg = Debug|x64
		{B4C1298B-1AFF-4173-8E36-D30FE11C6AF0}.Debug|x64.Build.0 = Debug|x64
		{B4C1298B-1AFF-4173-8E36-D30FE11C6AF0}.Debug|x86.ActiveCfg = Debug|Win32
		{B4C1298B-1AFF-4173-8E36-D30FE11C6AF0}.Release|x64.ActiveCfg = Release|x64
		{B4C1298B-1AFF-4173-8E36-D30FE11C6AF0}.Release|x64.Build.0 = Release|x64
		{B4C1298B-1AFF-4173-8E36-D30FE11C6AF0}.Release|x86.ActiveCfg = Release|Win32
		{B4C1298B-1AFF-4173-8E36-D30FE11C6AF0}.SEExportorD|x64.ActiveCfg = Debug|x64
		{B4C1298B-1AFF-4173-8E36-D30FE11C6AF0}.SEExportorD|x64.Build.0 = Debug|x64
		{B4C1298B-1AFF-4173-8E36-D30FE11C6AF0}.SEExportorD|x86.ActiveCfg = Release|Win32
		{B4C1298B-1AFF-4173-8E36-D30FE11C6AF0}.SEExportorD|x86.Build.0 = Release|Win32
		{BDC0F88B-E745-451D-8DB5-D2F9B3C991E8}.Debug|x64.ActiveCfg = Debug|x64
		{BDC0F88B-E745-451D-8DB5-D2F9B3C991E8}.Debug|x64.Build.0 = Debug|x64
		{BDC0F88B-E745-451D-8DB5-D2F9B3C991E8}.Debug|x86.ActiveCfg = Debug|Win32
		{BDC0F88B-E745-451D-8DB5-D2F9B3C991E8}.Debug|x86.Build.0 = Debug|Win32
		{BDC0F88B-E745-451D-8DB5-D2F9B3C991E8}.Release|x64.ActiveCfg = Release|x64
		{BDC0F88B-E745-451D-8DB5-D2F9B3C991E8}.Release|x64.Build.0 = Release|x64
		{BDC0F88B-E745-451D-8DB5-D2F9B3C991E8}.Release|x86.ActiveCfg = Release|Win32
		{BDC0F88B-E745-451D-8DB5-D2F9B3C991E8}.Release|x86.Build.0 = Release|Win32
		{BDC0F88B-E745-451D-8DB5-D2F9B3C991E8}.SEExportorD|x64.ActiveCfg = Release|x64
		{BDC0F88B-E745-451D-8DB5-D2F9B3C991E8}.SEExportorD|x64.Build.0 = Release|x64
		{BDC0F88B-E745-451D-8DB5-D2F9B3C991E8}.SEExportorD|x86.ActiveCfg = Release|Win32
		{BDC0F88B-E745-451D-8DB5-D2F9B3C991E8}.SEExportorD|x86.Build.0 = Release|Win32
	EndGlobalSection
	GlobalSection(SolutionProperties) = preSolution
		HideSolutionNode = FALSE
	EndGlobalSection
EndGlobal
